# This file is automatically @generated by Cargo.
# It is not intended for manual editing.
version = 4

[[package]]
name = "common"
version = "0.1.0"
dependencies = [
 "r-efi",
]

[[package]]
name = "kernel"
version = "0.1.0"
dependencies = [
 "common",
]

[[package]]
name = "r-efi"
version = "7.1.0"
source = "registry+https://github.com/rust-lang/crates.io-index"
checksum = "b0ff379dd174eec5b2cab797063a2e7592dfcf0bf0323a50eeee724ee3537f13"
